Microsoft Visual Studio Solution File, Format Version 12.00
# Visual Studio Version 17
VisualStudioVersion = 17.0.31903.59
MinimumVisualStudioVersion = 10.0.40219.1
Project("{FAE04EC0-301F-11D3-BF4B-00C04F79EFBC}") = "TheStyk-Windows", "TheStyk-Windows\TheStyk-Windows.csproj", "{47C75CDD-5BA8-4720-B561-39572E153556}"
EndProject
Global
	GlobalSection(SolutionConfigurationPlatforms) = preSolution
		Debug|Any CPU = Debug|Any CPU
		Release|Any CPU = Release|Any CPU
	EndGlobalSection
	GlobalSection(ProjectConfigurationPlatforms) = postSolution
		{47C75CDD-5BA8-4720-B561-39572E153556}.Debug|Any CPU.ActiveCfg = Debug|Any CPU
		{47C75CDD-5BA8-4720-B561-39572E153556}.Debug|Any CPU.Build.0 = Debug|Any CPU
		{47C75CDD-5BA8-4720-B561-39572E153556}.Release|Any CPU.ActiveCfg = Release|Any CPU
		{47C75CDD-5BA8-4720-B561-39572E153556}.Release|Any CPU.Build.0 = Release|Any CPU
	EndGlobalSection
EndGlobal
